// !$*UTF8*$!
{
	archiveVersion = 1;
	classes = {
	};
	objectVersion = 46;
	objects = {

/* Begin PBXBuildFile section */
		C4CF44551F46C17B006FE651 /* AppDelegate.swift in Sources */ = {isa = PBXBuildFile; fileRef = C4CF44541F46C17B006FE651 /* AppDelegate.swift */; };
		C4CF44571F46C17B006FE651 /* ViewController.swift in Sources */ = {isa = PBXBuildFile; fileRef = C4CF44561F46C17B006FE651 /* ViewController.swift */; };
		C4CF445A1F46C17B006FE651 /* Main.storyboard in Resources */ = {isa = PBXBuildFile; fileRef = C4CF44581F46C17B006FE651 /* Main.storyboard */; };
		C4CF445C1F46C17B006FE651 /* Assets.xcassets in Resources */ = {isa = PBXBuildFile; fileRef = C4CF445B1F46C17B006FE651 /* Assets.xcassets */; };
		C4CF445F1F46C17B006FE651 /* LaunchScreen.storyboard in Resources */ = {isa = PBXBuildFile; fileRef = C4CF445D1F46C17B006FE651 /* LaunchScreen.storyboard */; };
		C4CF446A1F46C17B006FE651 /* TupleTests.swift in Sources */ = {isa = PBXBuildFile; fileRef = C4CF44691F46C17B006FE651 /* TupleTests.swift */; };
		C4CF44751F46C17B006FE651 /* TupleUITests.swift in Sources */ = {isa = PBXBuildFile; fileRef = C4CF44741F46C17B006FE651 /* TupleUITests.swift */; };
/* End PBXBuildFile section */

/* Begin PBXContainerItemProxy section */
		C4CF44661F46C17B006FE651 /* PBXContainerItemProxy */ = {
			isa = PBXContainerItemProxy;
			containerPortal = C4CF44491F46C17A006FE651 /* Project object */;
			proxyType = 1;
			remoteGlobalIDString = C4CF44501F46C17A006FE651;
			remoteInfo = Tuple;
		};
		C4CF44711F46C17B006FE651 /* PBXContainerItemProxy */ = {
			isa = PBXContainerItemProxy;
			containerPortal = C4CF44491F46C17A006FE651 /* Project object */;
			proxyType = 1;
			remoteGlobalIDString = C4CF44501F46C17A006FE651;
			remoteInfo = Tuple;
		};
/* End PBXContainerItemProxy section */

/* Begin PBXFileReference section */
		C4CF44511F46C17B006FE651 /* Tuple.app */ = {isa = PBXFileReference; explicitFileType = wrapper.application; includeInIndex = 0; path = Tuple.app; sourceTree = BUILT_PRODUCTS_DIR; };
		C4CF44541F46C17B006FE651 /* AppDelegate.swift */ = {isa = PBXFileReference; lastKnownFileType = sourcecode.swift; path = AppDelegate.swift; sourceTree = "<group>"; };
		C4CF44561F46C17B006FE651 /* ViewController.swift */ = {isa = PBXFileReference; lastKnownFileType = sourcecode.swift; path = ViewController.swift; sourceTree = "<group>"; };
		C4CF44591F46C17B006FE651 /* Base */ = {isa = PBXFileReference; lastKnownFileType = file.storyboard; name = Base; path = Base.lproj/Main.storyboard; sourceTree = "<group>"; };
		C4CF445B1F46C17B006FE651 /* Assets.xcassets */ = {isa = PBXFileReference; lastKnownFileType = folder.assetcatalog; path = Assets.xcassets; sourceTree = "<group>"; };
		C4CF445E1F46C17B006FE651 /* Base */ = {isa = PBXFileReference; lastKnownFileType = file.storyboard; name = Base; path = Base.lproj/LaunchScreen.storyboard; sourceTree = "<group>"; };
		C4CF44601F46C17B006FE651 /* Info.plist */ = {isa = PBXFileReference; lastKnownFileType = text.plist.xml; path = Info.plist; sourceTree = "<group>"; };
		C4CF44651F46C17B006FE651 /* TupleTests.xctest */ = {isa = PBXFileReference; explicitFileType = wrapper.cfbundle; includeInIndex = 0; path = TupleTests.xctest; sourceTree = BUILT_PRODUCTS_DIR; };
		C4CF44691F46C17B006FE651 /* TupleTests.swift */ = {isa = PBXFileReference; lastKnownFileType = sourcecode.swift; path = TupleTests.swift; sourceTree = "<group>"; };
		C4CF446B1F46C17B006FE651 /* Info.plist */ = {isa = PBXFileReference; lastKnownFileType = text.plist.xml; path = Info.plist; sourceTree = "<group>"; };
		C4CF44701F46C17B006FE651 /* TupleUITests.xctest */ = {isa = PBXFileReference; explicitFileType = wrapper.cfbundle; includeInIndex = 0; path = TupleUITests.xctest; sourceTree = BUILT_PRODUCTS_DIR; };
		C4CF44741F46C17B006FE651 /* TupleUITests.swift */ = {isa = PBXFileReference; lastKnownFileType = sourcecode.swift; path = TupleUITests.swift; sourceTree = "<group>"; };
		C4CF44761F46C17B006FE651 /* Info.plist */ = {isa = PBXFileReference; lastKnownFileType = text.plist.xml; path = Info.plist; sourceTree = "<group>"; };
/* End PBXFileReference section */

/* Begin PBXFrameworksBuildPhase section */
		C4CF444E1F46C17A006FE651 /* Frameworks */ = {
			isa = PBXFrameworksBuildPhase;
			buildActionMask = 2147483647;
			files = (
			);
			runOnlyForDeploymentPostprocessing = 0;
		};
		C4CF44621F46C17B006FE651 /* Frameworks */ = {
			isa = PBXFrameworksBuildPhase;
			buildActionMask = 2147483647;
			files = (
			);
			runOnlyForDeploymentPostprocessing = 0;
		};
		C4CF446D1F46C17B006FE651 /* Frameworks */ = {
			isa = PBXFrameworksBuildPhase;
			buildActionMask = 2147483647;
			files = (
			);
			runOnlyForDeploymentPostprocessing = 0;
		};
/* End PBXFrameworksBuildPhase section */

/* Begin PBXGroup section */
		C4CF44481F46C17A006FE651 = {
			isa = PBXGroup;
			children = (
				C4CF44531F46C17B006FE651 /* Tuple */,
				C4CF44681F46C17B006FE651 /* TupleTests */,
				C4CF44731F46C17B006FE651 /* TupleUITests */,
				C4CF44521F46C17B006FE651 /* Products */,
			);
			sourceTree = "<group>";
		};
		C4CF44521F46C17B006FE651 /* Products */ = {
			isa = PBXGroup;
			children = (
				C4CF44511F46C17B006FE651 /* Tuple.app */,
				C4CF44651F46C17B006FE651 /* TupleTests.xctest */,
				C4CF44701F46C17B006FE651 /* TupleUITests.xctest */,
			);
			name = Products;
			sourceTree = "<group>";
		};
		C4CF44531F46C17B006FE651 /* Tuple */ = {
			isa = PBXGroup;
			children = (
				C4CF44541F46C17B006FE651 /* AppDelegate.swift */,
				C4CF44561F46C17B006FE651 /* ViewController.swift */,
				C4CF44581F46C17B006FE651 /* Main.storyboard */,
				C4CF445B1F46C17B006FE651 /* Assets.xcassets */,
				C4CF445D1F46C17B006FE651 /* LaunchScreen.storyboard */,
				C4CF44601F46C17B006FE651 /* Info.plist */,
			);
			path = Tuple;
			sourceTree = "<group>";
		};
		C4CF44681F46C17B006FE651 /* TupleTests */ = {
			isa = PBXGroup;
			children = (
				C4CF44691F46C17B006FE651 /* TupleTests.swift */,
				C4CF446B1F46C17B006FE651 /* Info.plist */,
			);
			path = TupleTests;
			sourceTree = "<group>";
		};
		C4CF44731F46C17B006FE651 /* TupleUITests */ = {
			isa = PBXGroup;
			children = (
				C4CF44741F46C17B006FE651 /* TupleUITests.swift */,
				C4CF44761F46C17B006FE651 /* Info.plist */,
			);
			path = TupleUITests;
			sourceTree = "<group>";
		};
/* End PBXGroup section */

/* Begin PBXNativeTarget section */
		C4CF44501F46C17A006FE651 /* Tuple */ = {
			isa = PBXNativeTarget;
			buildConfigurationList = C4CF44791F46C17B006FE651 /* Build configuration list for PBXNativeTarget "Tuple" */;
			buildPhases = (
				C4CF444D1F46C17A006FE651 /* Sources */,
				C4CF444E1F46C17A006FE651 /* Frameworks */,
				C4CF444F1F46C17A006FE651 /* Resources */,
			);
			buildRules = (
			);
			dependencies = (
			);
			name = Tuple;
			productName = Tuple;
			productReference = C4CF44511F46C17B006FE651 /* Tuple.app */;
			productType = "com.apple.product-type.application";
		};
		C4CF44641F46C17B006FE651 /* TupleTests */ = {
			isa = PBXNativeTarget;
			buildConfigurationList = C4CF447C1F46C17B006FE651 /* Build configuration list for PBXNativeTarget "TupleTests" */;
			buildPhases = (
				C4CF44611F46C17B006FE651 /* Sources */,
				C4CF44621F46C17B006FE651 /* Frameworks */,
				C4CF44631F46C17B006FE651 /* Resources */,
			);
			buildRules = (
			);
			dependencies = (
				C4CF44671F46C17B006FE651 /* PBXTargetDependency */,
			);
			name = TupleTests;
			productName = TupleTests;
			productReference = C4CF44651F46C17B006FE651 /* TupleTests.xctest */;
			productType = "com.apple.product-type.bundle.unit-test";
		};
		C4CF446F1F46C17B006FE651 /* TupleUITests */ = {
			isa = PBXNativeTarget;
			buildConfigurationList = C4CF447F1F46C17B006FE651 /* Build configuration list for PBXNativeTarget "TupleUITests" */;
			buildPhases = (
				C4CF446C1F46C17B006FE651 /* Sources */,
				C4CF446D1F46C17B006FE651 /* Frameworks */,
				C4CF446E1F46C17B006FE651 /* Resources */,
			);
			buildRules = (
			);
			dependencies = (
				C4CF44721F46C17B006FE651 /* PBXTargetDependency */,
			);
			name = TupleUITests;
			productName = TupleUITests;
			productReference = C4CF44701F46C17B006FE651 /* TupleUITests.xctest */;
			productType = "com.apple.product-type.bundle.ui-testing";
		};
/* End PBXNativeTarget section */

/* Begin PBXProject section */
		C4CF44491F46C17A006FE651 /* Project object */ = {
			isa = PBXProject;
			attributes = {
				LastSwiftUpdateCheck = 0810;
				LastUpgradeCheck = 0810;
				ORGANIZATIONNAME = "Khuat Van Dung";
				TargetAttributes = {
					C4CF44501F46C17A006FE651 = {
						CreatedOnToolsVersion = 8.1;
						ProvisioningStyle = Automatic;
					};
					C4CF44641F46C17B006FE651 = {
						CreatedOnToolsVersion = 8.1;
						ProvisioningStyle = Automatic;
						TestTargetID = C4CF44501F46C17A006FE651;
					};
					C4CF446F1F46C17B006FE651 = {
						CreatedOnToolsVersion = 8.1;
						ProvisioningStyle = Automatic;
						TestTargetID = C4CF44501F46C17A006FE651;
					};
				};
			};
			buildConfigurationList = C4CF444C1F46C17A006FE651 /* Build configuration list for PBXProject "Tuple" */;
			compatibilityVersion = "Xcode 3.2";
			developmentRegion = English;
			hasScannedForEncodings = 0;
			knownRegions = (
				en,
				Base,
			);
			mainGroup = C4CF44481F46C17A006FE651;
			productRefGroup = C4CF44521F46C17B006FE651 /* Products */;
			projectDirPath = "";
			projectRoot = "";
			targets = (
				C4CF44501F46C17A006FE651 /* Tuple */,
				C4CF44641F46C17B006FE651 /* TupleTests */,
				C4CF446F1F46C17B006FE651 /* TupleUITests */,
			);
		};
/* End PBXProject section */

/* Begin PBXResourcesBuildPhase section */
		C4CF444F1F46C17A006FE651 /* Resources */ = {
			isa = PBXResourcesBuildPhase;
			buildActionMask = 2147483647;
			files = (
				C4CF445F1F46C17B006FE651 /* LaunchScreen.storyboard in Resources */,
				C4CF445C1F46C17B006FE651 /* Assets.xcassets in Resources */,
				C4CF445A1F46C17B006FE651 /* Main.storyboard in Resources */,
			);
			runOnlyForDeploymentPostprocessing = 0;
		};
		C4CF44631F46C17B006FE651 /* Resources */ = {
			isa = PBXResourcesBuildPhase;
			buildActionMask = 2147483647;
			files = (
			);
			runOnlyForDeploymentPostprocessing = 0;
		};
		C4CF446E1F46C17B006FE651 /* Resources */ = {
			isa = PBXResourcesBuildPhase;
			buildActionMask = 2147483647;
			files = (
			);
			runOnlyForDeploymentPostprocessing = 0;
		};
/* End PBXResourcesBuildPhase section */

/* Begin PBXSourcesBuildPhase section */
		C4CF444D1F46C17A006FE651 /* Sources */ = {
			isa = PBXSourcesBuildPhase;
			buildActionMask = 2147483647;
			files = (
				C4CF44571F46C17B006FE651 /* ViewController.swift in Sources */,
				C4CF44551F46C17B006FE651 /* AppDelegate.swift in Sources */,
			);
			runOnlyForDeploymentPostprocessing = 0;
		};
		C4CF44611F46C17B006FE651 /* Sources */ = {
			isa = PBXSourcesBuildPhase;
			buildActionMask = 2147483647;
			files = (
				C4CF446A1F46C17B006FE651 /* TupleTests.swift in Sources */,
			);
			runOnlyForDeploymentPostprocessing = 0;
		};
		C4CF446C1F46C17B006FE651 /* Sources */ = {
			isa = PBXSourcesBuildPhase;
			buildActionMask = 2147483647;
			files = (
				C4CF44751F46C17B006FE651 /* TupleUITests.swift in Sources */,
			);
			runOnlyForDeploymentPostprocessing = 0;
		};
/* End PBXSourcesBuildPhase section */

/* Begin PBXTargetDependency section */
		C4CF44671F46C17B006FE651 /* PBXTargetDependency */ = {
			isa = PBXTargetDependency;
			target = C4CF44501F46C17A006FE651 /* Tuple */;
			targetProxy = C4CF44661F46C17B006FE651 /* PBXContainerItemProxy */;
		};
		C4CF44721F46C17B006FE651 /* PBXTargetDependency */ = {
			isa = PBXTargetDependency;
			target = C4CF44501F46C17A006FE651 /* Tuple */;
			targetProxy = C4CF44711F46C17B006FE651 /* PBXContainerItemProxy */;
		};
/* End PBXTargetDependency section */

/* Begin PBXVariantGroup section */
		C4CF44581F46C17B006FE651 /* Main.storyboard */ = {
			isa = PBXVariantGroup;
			children = (
				C4CF44591F46C17B006FE651 /* Base */,
			);
			name = Main.storyboard;
			sourceTree = "<group>";
		};
		C4CF445D1F46C17B006FE651 /* LaunchScreen.storyboard */ = {
			isa = PBXVariantGroup;
			children = (
				C4CF445E1F46C17B006FE651 /* Base */,
			);
			name = LaunchScreen.storyboard;
			sourceTree = "<group>";
		};
/* End PBXVariantGroup section */

/* Begin XCBuildConfiguration section */
		C4CF44771F46C17B006FE651 /* Debug */ = {
			isa = XCBuildConfiguration;
			buildSettings = {
				ALWAYS_SEARCH_USER_PATHS = NO;
				CLANG_ANALYZER_NONNULL = YES;
				CLANG_CXX_LANGUAGE_STANDARD = "gnu++0x";
				CLANG_CXX_LIBRARY = "libc++";
				CLANG_ENABLE_MODULES = YES;
				CLANG_ENABLE_OBJC_ARC = YES;
				CLANG_WARN_BOOL_CONVERSION = YES;
				CLANG_WARN_CONSTANT_CONVERSION = YES;
				CLANG_WARN_DIRECT_OBJC_ISA_USAGE = YES_ERROR;
				CLANG_WARN_DOCUMENTATION_COMMENTS = YES;
				CLANG_WARN_EMPTY_BODY = YES;
				CLANG_WARN_ENUM_CONVERSION = YES;
				CLANG_WARN_INFINITE_RECURSION = YES;
				CLANG_WARN_INT_CONVERSION = YES;
				CLANG_WARN_OBJC_ROOT_CLASS = YES_ERROR;
				CLANG_WARN_SUSPICIOUS_MOVES = YES;
				CLANG_WARN_UNREACHABLE_CODE = YES;
				CLANG_WARN__DUPLICATE_METHOD_MATCH = YES;
				"CODE_SIGN_IDENTITY[sdk=iphoneos*]" = "iPhone Developer";
				COPY_PHASE_STRIP = NO;
				DEBUG_INFORMATION_FORMAT = dwarf;
				ENABLE_STRICT_OBJC_MSGSEND = YES;
				ENABLE_TESTABILITY = YES;
				GCC_C_LANGUAGE_STANDARD = gnu99;
				GCC_DYNAMIC_NO_PIC = NO;
				GCC_NO_COMMON_BLOCKS = YES;
				GCC_OPTIMIZATION_LEVEL = 0;
				GCC_PREPROCESSOR_DEFINITIONS = (
					"DEBUG=1",
					"$(inherited)",
				);
				GCC_WARN_64_TO_32_BIT_CONVERSION = YES;
				GCC_WARN_ABOUT_RETURN_TYPE = YES_ERROR;
				GCC_WARN_UNDECLARED_SELECTOR = YES;
				GCC_WARN_UNINITIALIZED_AUTOS = YES_AGGRESSIVE;
				GCC_WARN_UNUSED_FUNCTION = YES;
				GCC_WARN_UNUSED_VARIABLE = YES;
				IPHONEOS_DEPLOYMENT_TARGET = 10.1;
				MTL_ENABLE_DEBUG_INFO = YES;
				ONLY_ACTIVE_ARCH = YES;
				SDKROOT = iphoneos;
				SWIFT_ACTIVE_COMPILATION_CONDITIONS = DEBUG;
				SWIFT_OPTIMIZATION_LEVEL = "-Onone";
			};
			name = Debug;
		};
		C4CF44781F46C17B006FE651 /* Release */ = {
			isa = XCBuildConfiguration;
			buildSettings = {
				ALWAYS_SEARCH_USER_PATHS = NO;
				CLANG_ANALYZER_NONNULL = YES;
				CLANG_CXX_LANGUAGE_STANDARD = "gnu++0x";
				CLANG_CXX_LIBRARY = "libc++";
				CLANG_ENABLE_MODULES = YES;
				CLANG_ENABLE_OBJC_ARC = YES;
				CLANG_WARN_BOOL_CONVERSION = YES;
				CLANG_WARN_CONSTANT_CONVERSION = YES;
				CLANG_WARN_DIRECT_OBJC_ISA_USAGE = YES_ERROR;
				CLANG_WARN_DOCUMENTATION_COMMENTS = YES;
				CLANG_WARN_EMPTY_BODY = YES;
				CLANG_WARN_ENUM_CONVERSION = YES;
				CLANG_WARN_INFINITE_RECURSION = YES;
				CLANG_WARN_INT_CONVERSION = YES;
				CLANG_WARN_OBJC_ROOT_CLASS = YES_ERROR;
				CLANG_WARN_SUSPICIOUS_MOVES = YES;
				CLANG_WARN_UNREACHABLE_CODE = YES;
				CLANG_WARN__DUPLICATE_METHOD_MATCH = YES;
				"CODE_SIGN_IDENTITY[sdk=iphoneos*]" = "iPhone Developer";
				COPY_PHASE_STRIP = NO;
				DEBUG_INFORMATION_FORMAT = "dwarf-with-dsym";
				ENABLE_NS_ASSERTIONS = NO;
				ENABLE_STRICT_OBJC_MSGSEND = YES;
				GCC_C_LANGUAGE_STANDARD = gnu99;
				GCC_NO_COMMON_BLOCKS = YES;
				GCC_WARN_64_TO_32_BIT_CONVERSION = YES;
				GCC_WARN_ABOUT_RETURN_TYPE = YES_ERROR;
				GCC_WARN_UNDECLARED_SELECTOR = YES;
				GCC_WARN_UNINITIALIZED_AUTOS = YES_AGGRESSIVE;
				GCC_WARN_UNUSED_FUNCTION = YES;
				GCC_WARN_UNUSED_VARIABLE = YES;
				IPHONEOS_DEPLOYMENT_TARGET = 10.1;
				MTL_ENABLE_DEBUG_INFO = NO;
				SDKROOT = iphoneos;
				SWIFT_OPTIMIZATION_LEVEL = "-Owholemodule";
				VALIDATE_PRODUCT = YES;
			};
			name = Release;
		};
		C4CF447A1F46C17B006FE651 /* Debug */ = {
			isa = XCBuildConfiguration;
			buildSettings = {
				ASSETCATALOG_COMPILER_APPICON_NAME = AppIcon;
				INFOPLIST_FILE = Tuple/Info.plist;
				LD_RUNPATH_SEARCH_PATHS = "$(inherited) @executable_path/Frameworks";
				PRODUCT_BUNDLE_IDENTIFIER = com.dungkv.Tuple;
				PRODUCT_NAME = "$(TARGET_NAME)";
				SWIFT_VERSION = 3.0;
			};
			name = Debug;
		};
		C4CF447B1F46C17B006FE651 /* Release */ = {
			isa = XCBuildConfiguration;
			buildSettings = {
				ASSETCATALOG_COMPILER_APPICON_NAME = AppIcon;
				INFOPLIST_FILE = Tuple/Info.plist;
				LD_RUNPATH_SEARCH_PATHS = "$(inherited) @executable_path/Frameworks";
				PRODUCT_BUNDLE_IDENTIFIER = com.dungkv.Tuple;
				PRODUCT_NAME = "$(TARGET_NAME)";
				SWIFT_VERSION = 3.0;
			};
			name = Release;
		};
		C4CF447D1F46C17B006FE651 /* Debug */ = {
			isa = XCBuildConfiguration;
			buildSettings = {
				ALWAYS_EMBED_SWIFT_STANDARD_LIBRARIES = YES;
				BUNDLE_LOADER = "$(TEST_HOST)";
				INFOPLIST_FILE = TupleTests/Info.plist;
				LD_RUNPATH_SEARCH_PATHS = "$(inherited) @executable_path/Frameworks @loader_path/Frameworks";
				PRODUCT_BUNDLE_IDENTIFIER = com.dungkv.TupleTests;
				PRODUCT_NAME = "$(TARGET_NAME)";
				SWIFT_VERSION = 3.0;
				TEST_HOST = "$(BUILT_PRODUCTS_DIR)/Tuple.app/Tuple";
			};
			name = Debug;
		};
		C4CF447E1F46C17B006FE651 /* Release */ = {
			isa = XCBuildConfiguration;
			buildSettings = {
				ALWAYS_EMBED_SWIFT_STANDARD_LIBRARIES = YES;
				BUNDLE_LOADER = "$(TEST_HOST)";
				INFOPLIST_FILE = TupleTests/Info.plist;
				LD_RUNPATH_SEARCH_PATHS = "$(inherited) @executable_path/Frameworks @loader_path/Frameworks";
				PRODUCT_BUNDLE_IDENTIFIER = com.dungkv.TupleTests;
				PRODUCT_NAME = "$(TARGET_NAME)";
				SWIFT_VERSION = 3.0;
				TEST_HOST = "$(BUILT_PRODUCTS_DIR)/Tuple.app/Tuple";
			};
			name = Release;
		};
		C4CF44801F46C17B006FE651 /* Debug */ = {
			isa = XCBuildConfiguration;
			buildSettings = {
				ALWAYS_EMBED_SWIFT_STANDARD_LIBRARIES = YES;
				INFOPLIST_FILE = TupleUITests/Info.plist;
				LD_RUNPATH_SEARCH_PATHS = "$(inherited) @executable_path/Frameworks @loader_path/Frameworks";
				PRODUCT_BUNDLE_IDENTIFIER = com.dungkv.TupleUITests;
				PRODUCT_NAME = "$(TARGET_NAME)";
				SWIFT_VERSION = 3.0;
				TEST_TARGET_NAME = Tuple;
			};
			name = Debug;
		};
		C4CF44811F46C17B006FE651 /* Release */ = {
			isa = XCBuildConfiguration;
			buildSettings = {
				ALWAYS_EMBED_SWIFT_STANDARD_LIBRARIES = YES;
				INFOPLIST_FILE = TupleUITests/Info.plist;
				LD_RUNPATH_SEARCH_PATHS = "$(inherited) @executable_path/Frameworks @loader_path/Frameworks";
				PRODUCT_BUNDLE_IDENTIFIER = com.dungkv.TupleUITests;
				PRODUCT_NAME = "$(TARGET_NAME)";
				SWIFT_VERSION = 3.0;
				TEST_TARGET_NAME = Tuple;
			};
			name = Release;
		};
/* End XCBuildConfiguration section */

/* Begin XCConfigurationList section */
		C4CF444C1F46C17A006FE651 /* Build configuration list for PBXProject "Tuple" */ = {
			isa = XCConfigurationList;
			buildConfigurations = (
				C4CF44771F46C17B006FE651 /* Debug */,
				C4CF44781F46C17B006FE651 /* Release */,
			);
			defaultConfigurationIsVisible = 0;
			defaultConfigurationName = Release;
		};
		C4CF44791F46C17B006FE651 /* Build configuration list for PBXNativeTarget "Tuple" */ = {
			isa = XCConfigurationList;
			buildConfigurations = (
				C4CF447A1F46C17B006FE651 /* Debug */,
				C4CF447B1F46C17B006FE651 /* Release */,
			);
			defaultConfigurationIsVisible = 0;
		};
		C4CF447C1F46C17B006FE651 /* Build configuration list for PBXNativeTarget "TupleTests" */ = {
			isa = XCConfigurationList;
			buildConfigurations = (
				C4CF447D1F46C17B006FE651 /* Debug */,
				C4CF447E1F46C17B006FE651 /* Release */,
			);
			defaultConfigurationIsVisible = 0;
		};
		C4CF447F1F46C17B006FE651 /* Build configuration list for PBXNativeTarget "TupleUITests" */ = {
			isa = XCConfigurationList;
			buildConfigurations = (
				C4CF44801F46C17B006FE651 /* Debug */,
				C4CF44811F46C17B006FE651 /* Release */,
			);
			defaultConfigurationIsVisible = 0;
		};
/* End XCConfigurationList section */
	};
	rootObject = C4CF44491F46C17A006FE651 /* Project object */;
}
